// !$*UTF8*$!
{
	archiveVersion = 1;
	classes = {
	};
	objectVersion = 50;
	objects = {

/* Begin PBXBuildFile section */
		267475752452A3F600AD7909 /* AppDelegate.swift in Sources */ = {isa = PBXBuildFile; fileRef = 267475742452A3F600AD7909 /* AppDelegate.swift */; };
		267475772452A3F600AD7909 /* SceneDelegate.swift in Sources */ = {isa = PBXBuildFile; fileRef = 267475762452A3F600AD7909 /* SceneDelegate.swift */; };
		267475792452A3F600AD7909 /* ViewController.swift in Sources */ = {isa = PBXBuildFile; fileRef = 267475782452A3F600AD7909 /* ViewController.swift */; };
		2674757C2452A3F600AD7909 /* Main.storyboard in Resources */ = {isa = PBXBuildFile; fileRef = 2674757A2452A3F600AD7909 /* Main.storyboard */; };
		2674757E2452A3F800AD7909 /* Assets.xcassets in Resources */ = {isa = PBXBuildFile; fileRef = 2674757D2452A3F800AD7909 /* Assets.xcassets */; };
		267475812452A3F800AD7909 /* LaunchScreen.storyboard in Resources */ = {isa = PBXBuildFile; fileRef = 2674757F2452A3F800AD7909 /* LaunchScreen.storyboard */; };
		267475892452A4C000AD7909 /* nextViewController.swift in Sources */ = {isa = PBXBuildFile; fileRef = 267475882452A4C000AD7909 /* nextViewController.swift */; };
		26AFEBEF245C2D2F00656666 /* 001.png in Resources */ = {isa = PBXBuildFile; fileRef = 26AFEBEE245C2D2F00656666 /* 001.png */; };
		26AFEBF1245C2D4200656666 /* 002.png in Resources */ = {isa = PBXBuildFile; fileRef = 26AFEBF0245C2D4200656666 /* 002.png */; };
		26AFEBF3245C2D4D00656666 /* 003.png in Resources */ = {isa = PBXBuildFile; fileRef = 26AFEBF2245C2D4D00656666 /* 003.png */; };
		26AFEBF5245C2D5E00656666 /* 004.png in Resources */ = {isa = PBXBuildFile; fileRef = 26AFEBF4245C2D5E00656666 /* 004.png */; };
		26AFEBF7245C2D6800656666 /* 005.png in Resources */ = {isa = PBXBuildFile; fileRef = 26AFEBF6245C2D6800656666 /* 005.png */; };
/* End PBXBuildFile section */

/* Begin PBXFileReference section */
		267475712452A3F600AD7909 /* SlideshowApp.app */ = {isa = PBXFileReference; explicitFileType = wrapper.application; includeInIndex = 0; path = SlideshowApp.app; sourceTree = BUILT_PRODUCTS_DIR; };
		267475742452A3F600AD7909 /* AppDelegate.swift */ = {isa = PBXFileReference; lastKnownFileType = sourcecode.swift; path = AppDelegate.swift; sourceTree = "<group>"; };
		267475762452A3F600AD7909 /* SceneDelegate.swift */ = {isa = PBXFileReference; lastKnownFileType = sourcecode.swift; path = SceneDelegate.swift; sourceTree = "<group>"; };
		267475782452A3F600AD7909 /* ViewController.swift */ = {isa = PBXFileReference; lastKnownFileType = sourcecode.swift; path = ViewController.swift; sourceTree = "<group>"; };
		2674757B2452A3F600AD7909 /* Base */ = {isa = PBXFileReference; lastKnownFileType = file.storyboard; name = Base; path = Base.lproj/Main.storyboard; sourceTree = "<group>"; };
		2674757D2452A3F800AD7909 /* Assets.xcassets */ = {isa = PBXFileReference; lastKnownFileType = folder.assetcatalog; path = Assets.xcassets; sourceTree = "<group>"; };
		267475802452A3F800AD7909 /* Base */ = {isa = PBXFileReference; lastKnownFileType = file.storyboard; name = Base; path = Base.lproj/LaunchScreen.storyboard; sourceTree = "<group>"; };
		267475822452A3F800AD7909 /* Info.plist */ = {isa = PBXFileReference; lastKnownFileType = text.plist.xml; path = Info.plist; sourceTree = "<group>"; };
		267475882452A4C000AD7909 /* nextViewController.swift */ = {isa = PBXFileReference; lastKnownFileType = sourcecode.swift; path = nextViewController.swift; sourceTree = "<group>"; };
		26AFEBEE245C2D2F00656666 /* 001.png */ = {isa = PBXFileReference; lastKnownFileType = image.png; path = 001.png; sourceTree = "<group>"; };
		26AFEBF0245C2D4200656666 /* 002.png */ = {isa = PBXFileReference; lastKnownFileType = image.png; path = 002.png; sourceTree = "<group>"; };
		26AFEBF2245C2D4D00656666 /* 003.png */ = {isa = PBXFileReference; lastKnownFileType = image.png; path = 003.png; sourceTree = "<group>"; };
		26AFEBF4245C2D5E00656666 /* 004.png */ = {isa = PBXFileReference; lastKnownFileType = image.png; path = 004.png; sourceTree = "<group>"; };
		26AFEBF6245C2D6800656666 /* 005.png */ = {isa = PBXFileReference; lastKnownFileType = image.png; path = 005.png; sourceTree = "<group>"; };
/* End PBXFileReference section */

/* Begin PBXFrameworksBuildPhase section */
		2674756E2452A3F600AD7909 /* Frameworks */ = {
			isa = PBXFrameworksBuildPhase;
			buildActionMask = 2147483647;
			files = (
			);
			runOnlyForDeploymentPostprocessing = 0;
		};
/* End PBXFrameworksBuildPhase section */

/* Begin PBXGroup section */
		267475682452A3F600AD7909 = {
			isa = PBXGroup;
			children = (
				267475732452A3F600AD7909 /* SlideshowApp */,
				267475722452A3F600AD7909 /* Products */,
			);
			sourceTree = "<group>";
		};
		267475722452A3F600AD7909 /* Products */ = {
			isa = PBXGroup;
			children = (
				267475712452A3F600AD7909 /* SlideshowApp.app */,
			);
			name = Products;
			sourceTree = "<group>";
		};
		267475732452A3F600AD7909 /* SlideshowApp */ = {
			isa = PBXGroup;
			children = (
				267475742452A3F600AD7909 /* AppDelegate.swift */,
				267475762452A3F600AD7909 /* SceneDelegate.swift */,
				267475782452A3F600AD7909 /* ViewController.swift */,
				267475882452A4C000AD7909 /* nextViewController.swift */,
				2674757A2452A3F600AD7909 /* Main.storyboard */,
				2674757D2452A3F800AD7909 /* Assets.xcassets */,
				2674757F2452A3F800AD7909 /* LaunchScreen.storyboard */,
				267475822452A3F800AD7909 /* Info.plist */,
				26AFEBEE245C2D2F00656666 /* 001.png */,
				26AFEBF0245C2D4200656666 /* 002.png */,
				26AFEBF2245C2D4D00656666 /* 003.png */,
				26AFEBF4245C2D5E00656666 /* 004.png */,
				26AFEBF6245C2D6800656666 /* 005.png */,
			);
			path = SlideshowApp;
			sourceTree = "<group>";
		};
/* End PBXGroup section */

/* Begin PBXNativeTarget section */
		267475702452A3F600AD7909 /* SlideshowApp */ = {
			isa = PBXNativeTarget;
			buildConfigurationList = 267475852452A3F800AD7909 /* Build configuration list for PBXNativeTarget "SlideshowApp" */;
			buildPhases = (
				2674756D2452A3F600AD7909 /* Sources */,
				2674756E2452A3F600AD7909 /* Frameworks */,
				2674756F2452A3F600AD7909 /* Resources */,
			);
			buildRules = (
			);
			dependencies = (
			);
			name = SlideshowApp;
			productName = SlideshowApp;
			productReference = 267475712452A3F600AD7909 /* SlideshowApp.app */;
			productType = "com.apple.product-type.application";
		};
/* End PBXNativeTarget section */

/* Begin PBXProject section */
		267475692452A3F600AD7909 /* Project object */ = {
			isa = PBXProject;
			attributes = {
				LastSwiftUpdateCheck = 1110;
				LastUpgradeCheck = 1110;
				ORGANIZATIONNAME = qbs0001;
				TargetAttributes = {
					267475702452A3F600AD7909 = {
						CreatedOnToolsVersion = 11.1;
					};
				};
			};
			buildConfigurationList = 2674756C2452A3F600AD7909 /* Build configuration list for PBXProject "SlideshowApp" */;
			compatibilityVersion = "Xcode 9.3";
			developmentRegion = en;
			hasScannedForEncodings = 0;
			knownRegions = (
				en,
				Base,
			);
			mainGroup = 267475682452A3F600AD7909;
			productRefGroup = 267475722452A3F600AD7909 /* Products */;
			projectDirPath = "";
			projectRoot = "";
			targets = (
				267475702452A3F600AD7909 /* SlideshowApp */,
			);
		};
/* End PBXProject section */

/* Begin PBXResourcesBuildPhase section */
		2674756F2452A3F600AD7909 /* Resources */ = {
			isa = PBXResourcesBuildPhase;
			buildActionMask = 2147483647;
			files = (
				26AFEBF5245C2D5E00656666 /* 004.png in Resources */,
				267475812452A3F800AD7909 /* LaunchScreen.storyboard in Resources */,
				2674757E2452A3F800AD7909 /* Assets.xcassets in Resources */,
				2674757C2452A3F600AD7909 /* Main.storyboard in Resources */,
				26AFEBF3245C2D4D00656666 /* 003.png in Resources */,
				26AFEBF1245C2D4200656666 /* 002.png in Resources */,
				26AFEBEF245C2D2F00656666 /* 001.png in Resources */,
				26AFEBF7245C2D6800656666 /* 005.png in Resources */,
			);
			runOnlyForDeploymentPostprocessing = 0;
		};
/* End PBXResourcesBuildPhase section */

/* Begin PBXSourcesBuildPhase section */
		2674756D2452A3F600AD7909 /* Sources */ = {
			isa = PBXSourcesBuildPhase;
			buildActionMask = 2147483647;
			files = (
				267475792452A3F600AD7909 /* ViewController.swift in Sources */,
				267475892452A4C000AD7909 /* nextViewController.swift in Sources */,
				267475752452A3F600AD7909 /* AppDelegate.swift in Sources */,
				267475772452A3F600AD7909 /* SceneDelegate.swift in Sources */,
			);
			runOnlyForDeploymentPostprocessing = 0;
		};
/* End PBXSourcesBuildPhase section */

/* Begin PBXVariantGroup section */
		2674757A2452A3F600AD7909 /* Main.storyboard */ = {
			isa = PBXVariantGroup;
			children = (
				2674757B2452A3F600AD7909 /* Base */,
			);
			name = Main.storyboard;
			sourceTree = "<group>";
		};
		2674757F2452A3F800AD7909 /* LaunchScreen.storyboard */ = {
			isa = PBXVariantGroup;
			children = (
				267475802452A3F800AD7909 /* Base */,
			);
			name = LaunchScreen.storyboard;
			sourceTree = "<group>";
		};
/* End PBXVariantGroup section */

/* Begin XCBuildConfiguration section */
		267475832452A3F800AD7909 /* Debug */ = {
			isa = XCBuildConfiguration;
			buildSettings = {
				ALWAYS_SEARCH_USER_PATHS = NO;
				CLANG_ANALYZER_NONNULL = YES;
				CLANG_ANALYZER_NUMBER_OBJECT_CONVERSION = YES_AGGRESSIVE;
				CLANG_CXX_LANGUAGE_STANDARD = "gnu++14";
				CLANG_CXX_LIBRARY = "libc++";
				CLANG_ENABLE_MODULES = YES;
				CLANG_ENABLE_OBJC_ARC = YES;
				CLANG_ENABLE_OBJC_WEAK = YES;
				CLANG_WARN_BLOCK_CAPTURE_AUTORELEASING = YES;
				CLANG_WARN_BOOL_CONVERSION = YES;
				CLANG_WARN_COMMA = YES;
				CLANG_WARN_CONSTANT_CONVERSION = YES;
				CLANG_WARN_DEPRECATED_OBJC_IMPLEMENTATIONS = YES;
				CLANG_WARN_DIRECT_OBJC_ISA_USAGE = YES_ERROR;
				CLANG_WARN_DOCUMENTATION_COMMENTS = YES;
				CLANG_WARN_EMPTY_BODY = YES;
				CLANG_WARN_ENUM_CONVERSION = YES;
				CLANG_WARN_INFINITE_RECURSION = YES;
				CLANG_WARN_INT_CONVERSION = YES;
				CLANG_WARN_NON_LITERAL_NULL_CONVERSION = YES;
				CLANG_WARN_OBJC_IMPLICIT_RETAIN_SELF = YES;
				CLANG_WARN_OBJC_LITERAL_CONVERSION = YES;
				CLANG_WARN_OBJC_ROOT_CLASS = YES_ERROR;
				CLANG_WARN_RANGE_LOOP_ANALYSIS = YES;
				CLANG_WARN_STRICT_PROTOTYPES = YES;
				CLANG_WARN_SUSPICIOUS_MOVE = YES;
				CLANG_WARN_UNGUARDED_AVAILABILITY = YES_AGGRESSIVE;
				CLANG_WARN_UNREACHABLE_CODE = YES;
				CLANG_WARN__DUPLICATE_METHOD_MATCH = YES;
				COPY_PHASE_STRIP = NO;
				DEBUG_INFORMATION_FORMAT = dwarf;
				ENABLE_STRICT_OBJC_MSGSEND = YES;
				ENABLE_TESTABILITY = YES;
				GCC_C_LANGUAGE_STANDARD = gnu11;
				GCC_DYNAMIC_NO_PIC = NO;
				GCC_NO_COMMON_BLOCKS = YES;
				GCC_OPTIMIZATION_LEVEL = 0;
				GCC_PREPROCESSOR_DEFINITIONS = (
					"DEBUG=1",
					"$(inherited)",
				);
				GCC_WARN_64_TO_32_BIT_CONVERSION = YES;
				GCC_WARN_ABOUT_RETURN_TYPE = YES_ERROR;
				GCC_WARN_UNDECLARED_SELECTOR = YES;
				GCC_WARN_UNINITIALIZED_AUTOS = YES_AGGRESSIVE;
				GCC_WARN_UNUSED_FUNCTION = YES;
				GCC_WARN_UNUSED_VARIABLE = YES;
				IPHONEOS_DEPLOYMENT_TARGET = 13.1;
				MTL_ENABLE_DEBUG_INFO = INCLUDE_SOURCE;
				MTL_FAST_MATH = YES;
				ONLY_ACTIVE_ARCH = YES;
				SDKROOT = iphoneos;
				SWIFT_ACTIVE_COMPILATION_CONDITIONS = DEBUG;
				SWIFT_OPTIMIZATION_LEVEL = "-Onone";
			};
			name = Debug;
		};
		267475842452A3F800AD7909 /* Release */ = {
			isa = XCBuildConfiguration;
			buildSettings = {
				ALWAYS_SEARCH_USER_PATHS = NO;
				CLANG_ANALYZER_NONNULL = YES;
				CLANG_ANALYZER_NUMBER_OBJECT_CONVERSION = YES_AGGRESSIVE;
				CLANG_CXX_LANGUAGE_STANDARD = "gnu++14";
				CLANG_CXX_LIBRARY = "libc++";
				CLANG_ENABLE_MODULES = YES;
				CLANG_ENABLE_OBJC_ARC = YES;
				CLANG_ENABLE_OBJC_WEAK = YES;
				CLANG_WARN_BLOCK_CAPTURE_AUTORELEASING = YES;
				CLANG_WARN_BOOL_CONVERSION = YES;
				CLANG_WARN_COMMA = YES;
				CLANG_WARN_CONSTANT_CONVERSION = YES;
				CLANG_WARN_DEPRECATED_OBJC_IMPLEMENTATIONS = YES;
				CLANG_WARN_DIRECT_OBJC_ISA_USAGE = YES_ERROR;
				CLANG_WARN_DOCUMENTATION_COMMENTS = YES;
				CLANG_WARN_EMPTY_BODY = YES;
				CLANG_WARN_ENUM_CONVERSION = YES;
				CLANG_WARN_INFINITE_RECURSION = YES;
				CLANG_WARN_INT_CONVERSION = YES;
				CLANG_WARN_NON_LITERAL_NULL_CONVERSION = YES;
				CLANG_WARN_OBJC_IMPLICIT_RETAIN_SELF = YES;
				CLANG_WARN_OBJC_LITERAL_CONVERSION = YES;
				CLANG_WARN_OBJC_ROOT_CLASS = YES_ERROR;
				CLANG_WARN_RANGE_LOOP_ANALYSIS = YES;
				CLANG_WARN_STRICT_PROTOTYPES = YES;
				CLANG_WARN_SUSPICIOUS_MOVE = YES;
				CLANG_WARN_UNGUARDED_AVAILABILITY = YES_AGGRESSIVE;
				CLANG_WARN_UNREACHABLE_CODE = YES;
				CLANG_WARN__DUPLICATE_METHOD_MATCH = YES;
				COPY_PHASE_STRIP = NO;
				DEBUG_INFORMATION_FORMAT = "dwarf-with-dsym";
				ENABLE_NS_ASSERTIONS = NO;
				ENABLE_STRICT_OBJC_MSGSEND = YES;
				GCC_C_LANGUAGE_STANDARD = gnu11;
				GCC_NO_COMMON_BLOCKS = YES;
				GCC_WARN_64_TO_32_BIT_CONVERSION = YES;
				GCC_WARN_ABOUT_RETURN_TYPE = YES_ERROR;
				GCC_WARN_UNDECLARED_SELECTOR = YES;
				GCC_WARN_UNINITIALIZED_AUTOS = YES_AGGRESSIVE;
				GCC_WARN_UNUSED_FUNCTION = YES;
				GCC_WARN_UNUSED_VARIABLE = YES;
				IPHONEOS_DEPLOYMENT_TARGET = 13.1;
				MTL_ENABLE_DEBUG_INFO = NO;
				MTL_FAST_MATH = YES;
				SDKROOT = iphoneos;
				SWIFT_COMPILATION_MODE = wholemodule;
				SWIFT_OPTIMIZATION_LEVEL = "-O";
				VALIDATE_PRODUCT = YES;
			};
			name = Release;
		};
		267475862452A3F800AD7909 /* Debug */ = {
			isa = XCBuildConfiguration;
			buildSettings = {
				ASSETCATALOG_COMPILER_APPICON_NAME = AppIcon;
				CODE_SIGN_STYLE = Automatic;
				DEVELOPMENT_TEAM = 89KUJG2Y2G;
				INFOPLIST_FILE = SlideshowApp/Info.plist;
				LD_RUNPATH_SEARCH_PATHS = (
					"$(inherited)",
					"@executable_path/Frameworks",
				);
				PRODUCT_BUNDLE_IDENTIFIER = jp.techacademy.qbs0001.SlideshowApp;
				PRODUCT_NAME = "$(TARGET_NAME)";
				SWIFT_VERSION = 5.0;
				TARGETED_DEVICE_FAMILY = "1,2";
			};
			name = Debug;
		};
		267475872452A3F800AD7909 /* Release */ = {
			isa = XCBuildConfiguration;
			buildSettings = {
				ASSETCATALOG_COMPILER_APPICON_NAME = AppIcon;
				CODE_SIGN_STYLE = Automatic;
				DEVELOPMENT_TEAM = 89KUJG2Y2G;
				INFOPLIST_FILE = SlideshowApp/Info.plist;
				LD_RUNPATH_SEARCH_PATHS = (
					"$(inherited)",
					"@executable_path/Frameworks",
				);
				PRODUCT_BUNDLE_IDENTIFIER = jp.techacademy.qbs0001.SlideshowApp;
				PRODUCT_NAME = "$(TARGET_NAME)";
				SWIFT_VERSION = 5.0;
				TARGETED_DEVICE_FAMILY = "1,2";
			};
			name = Release;
		};
/* End XCBuildConfiguration section */

/* Begin XCConfigurationList section */
		2674756C2452A3F600AD7909 /* Build configuration list for PBXProject "SlideshowApp" */ = {
			isa = XCConfigurationList;
			buildConfigurations = (
				267475832452A3F800AD7909 /* Debug */,
				267475842452A3F800AD7909 /* Release */,
			);
			defaultConfigurationIsVisible = 0;
			defaultConfigurationName = Release;
		};
		267475852452A3F800AD7909 /* Build configuration list for PBXNativeTarget "SlideshowApp" */ = {
			isa = XCConfigurationList;
			buildConfigurations = (
				267475862452A3F800AD7909 /* Debug */,
				267475872452A3F800AD7909 /* Release */,
			);
			defaultConfigurationIsVisible = 0;
			defaultConfigurationName = Release;
		};
/* End XCConfigurationList section */
	};
	rootObject = 267475692452A3F600AD7909 /* Project object */;
}
